<?xml version="1.0" encoding="utf-8"?>
<Project ToolsVersion="4.0" xmlns="http://schemas.microsoft.com/developer/msbuild/2003">
  <ItemGroup>
    <Filter Include="Form Files">
      <UniqueIdentifier>{99349809-55BA-4b9d-BF79-8FDBB0286EB3}</UniqueIdentifier>
      <Extensions>ui</Extensions>
    </Filter>
    <Filter Include="Resource Files">
      <UniqueIdentifier>{D9D6E242-F8AF-46E4-B9FD-80ECBC20BA3E}</UniqueIdentifier>
      <Extensions>qrc;*</Extensions>
      <ParseFiles>false</ParseFiles>
    </Filter>
    <Filter Include="src">
      <UniqueIdentifier>{4FC737F1-C7A5-4376-A066-2A32D752A2FF}</UniqueIdentifier>
      <Extensions>cpp;c;cc;cxx;def;odl;idl;hpj;bat;asm;asmx</Extensions>
    </Filter>
    <Filter Include="inc">
      <UniqueIdentifier>{93995380-89BD-4b04-88EB-625FBE52EBFB}</UniqueIdentifier>
      <Extensions>h;hh;hpp;hxx;hm;inl;inc;xsd</Extensions>
    </Filter>
    <Filter Include="rsc">
      <UniqueIdentifier>{67DA6AB6-F800-4c08-8B7A-83BB121AAD01}</UniqueIdentifier>
      <Extensions>rc;ico;cur;bmp;dlg;rc2;rct;bin;rgs;gif;jpg;jpeg;jpe;resx;tiff;tif;png;wav;mfcribbon-ms</Extensions>
    </Filter>
  </ItemGroup>
  <ItemGroup>
    <None Include="..\..\appdemo\common\rsc\mapstyle_streets-v10_v2.json">
      <Filter>Resource Files</Filter>
    </None>
    <None Include="..\..\appdemo\app_qt\rsc\source1.geojson">
      <Filter>rsc</Filter>
    </None>
  </ItemGroup>
  <ItemGroup>
    <ClCompile Include="..\..\appdemo\app_qt\src\compression.cpp">
      <Filter>src</Filter>
    </ClCompile>
    <ClCompile Include="..\..\appdemo\app_qt\src\main_qt.cpp">
      <Filter>src</Filter>
    </ClCompile>
    <ClCompile Include="..\..\appdemo\app_qt\src\QMapGL4MdMap.cpp">
      <Filter>src</Filter>
    </ClCompile>
    <ClCompile Include="..\..\appdemo\app_qt\src\QtMapGLWidget.cpp">
      <Filter>src</Filter>
    </ClCompile>
    <ClCompile Include="..\..\appdemo\app_qt\src\qtmapsdemowindow.cpp">
      <Filter>src</Filter>
    </ClCompile>
  </ItemGroup>
  <ItemGroup>
    <ClInclude Include="..\..\appdemo\app_qt\src\compression.hpp">
      <Filter>src</Filter>
    </ClInclude>
  </ItemGroup>
  <ItemGroup>
    <QtMoc Include="..\..\appdemo\app_qt\src\QMapGL4MdMap.hpp">
      <Filter>src</Filter>
    </QtMoc>
    <QtMoc Include="..\..\appdemo\app_qt\src\QtMapGLWidget.h">
      <Filter>src</Filter>
    </QtMoc>
    <QtMoc Include="..\..\appdemo\app_qt\src\qtmapsdemowindow.h">
      <Filter>src</Filter>
    </QtMoc>
  </ItemGroup>
  <ItemGroup>
    <QtRcc Include="..\..\appdemo\app_qt\rsc\qtmapsdemowindow.qrc">
      <Filter>rsc</Filter>
    </QtRcc>
  </ItemGroup>
  <ItemGroup>
    <QtUic Include="..\..\appdemo\app_qt\rsc\qtmapsdemowindow.ui">
      <Filter>rsc</Filter>
    </QtUic>
  </ItemGroup>
</Project>